
Microsoft Visual Studio Solution File, Format Version 12.00
# Visual Studio Version 16
VisualStudioVersion = 16.0.31205.134
MinimumVisualStudioVersion = 10.0.40219.1
Project("{FAE04EC0-301F-11D3-BF4B-00C04F79EFBC}") = "ReadWriteTEXT", "ReadWriteTEXT\ReadWriteTEXT.csproj", "{34B7071C-8561-4848-881E-9DF96396E967}"
EndProject
Global
	GlobalSection(SolutionConfigurationPlatforms) = preSolution
		Debug|Any CPU = Debug|Any CPU
		Release|Any CPU = Release|Any CPU
	EndGlobalSection
	GlobalSection(ProjectConfigurationPlatforms) = postSolution
		{34B7071C-8561-4848-881E-9DF96396E967}.Debug|Any CPU.ActiveCfg = Debug|Any CPU
		{34B7071C-8561-4848-881E-9DF96396E967}.Debug|Any CPU.Build.0 = Debug|Any CPU
		{34B7071C-8561-4848-881E-9DF96396E967}.Release|Any CPU.ActiveCfg = Release|Any CPU
		{34B7071C-8561-4848-881E-9DF96396E967}.Release|Any CPU.Build.0 = Release|Any CPU
	EndGlobalSection
	GlobalSection(SolutionProperties) = preSolution
		HideSolutionNode = FALSE
	EndGlobalSection
	GlobalSection(ExtensibilityGlobals) = postSolution
		SolutionGuid = {714DA01D-E482-4AF9-8EFD-F26D36FE6CEB}
	EndGlobalSection
EndGlobal
